
Microsoft Visual Studio Solution File, Format Version 12.00
# Visual Studio Version 17
VisualStudioVersion = 17.5.2.0
MinimumVisualStudioVersion = 10.0.40219.1
Project("{2150E333-8FDC-42A3-9474-1A3956D46DE8}") = "api", "api", "{E86BBE57-B42D-2250-0009-E5F948C22BC7}"
EndProject
Project("{FAE04EC0-301F-11D3-BF4B-00C04F79EFBC}") = "FxContosoRetail", "api\FxContosoRetail\FxContosoRetail.csproj", "{DBDC7163-5EB2-5507-2A3D-F53965807411}"
EndProject
Project("{2150E333-8FDC-42A3-9474-1A3956D46DE8}") = "agents", "agents", "{474C3F07-706C-8D94-B480-2BD31A190844}"
EndProject
Project("{FAE04EC0-301F-11D3-BF4B-00C04F79EFBC}") = "AndersAgent.AIFoundry", "agents\AndersAgent\ai-foundry\AndersAgent.csproj", "{B251FE5C-E696-5D61-C739-59E42B291955}"
EndProject
Project("{FAE04EC0-301F-11D3-BF4B-00C04F79EFBC}") = "AndersAgent.MsFoundry", "agents\AndersAgent\ms-foundry\AndersAgent.csproj", "{C362FF6D-F7A7-6E72-D84A-6AF53C3A2A66}"
EndProject
Project("{FAE04EC0-301F-11D3-BF4B-00C04F79EFBC}") = "JulieAgent", "agents\JulieAgent\JulieAgent.csproj", "{A1B2C3D4-1111-2222-3333-444455556666}"
EndProject
Project("{FAE04EC0-301F-11D3-BF4B-00C04F79EFBC}") = "JulieBackup", "agents\JulieBackup\JulieBackup.csproj", "{A1B2C3D4-1111-2222-3333-444455557777}"
EndProject
Global
	GlobalSection(SolutionConfigurationPlatforms) = preSolution
		Debug|Any CPU = Debug|Any CPU
		Debug|x64 = Debug|x64
		Debug|x86 = Debug|x86
		Release|Any CPU = Release|Any CPU
		Release|x64 = Release|x64
		Release|x86 = Release|x86
	EndGlobalSection
	GlobalSection(ProjectConfigurationPlatforms) = postSolution
		{DBDC7163-5EB2-5507-2A3D-F53965807411}.Debug|Any CPU.ActiveCfg = Debug|Any CPU
		{DBDC7163-5EB2-5507-2A3D-F53965807411}.Debug|Any CPU.Build.0 = Debug|Any CPU
		{DBDC7163-5EB2-5507-2A3D-F53965807411}.Debug|x64.ActiveCfg = Debug|Any CPU
		{DBDC7163-5EB2-5507-2A3D-F53965807411}.Debug|x64.Build.0 = Debug|Any CPU
		{DBDC7163-5EB2-5507-2A3D-F53965807411}.Debug|x86.ActiveCfg = Debug|Any CPU
		{DBDC7163-5EB2-5507-2A3D-F53965807411}.Debug|x86.Build.0 = Debug|Any CPU
		{DBDC7163-5EB2-5507-2A3D-F53965807411}.Release|Any CPU.ActiveCfg = Release|Any CPU
		{DBDC7163-5EB2-5507-2A3D-F53965807411}.Release|Any CPU.Build.0 = Release|Any CPU
		{DBDC7163-5EB2-5507-2A3D-F53965807411}.Release|x64.ActiveCfg = Release|Any CPU
		{DBDC7163-5EB2-5507-2A3D-F53965807411}.Release|x64.Build.0 = Release|Any CPU
		{DBDC7163-5EB2-5507-2A3D-F53965807411}.Release|x86.ActiveCfg = Release|Any CPU
		{DBDC7163-5EB2-5507-2A3D-F53965807411}.Release|x86.Build.0 = Release|Any CPU
		{B251FE5C-E696-5D61-C739-59E42B291955}.Debug|Any CPU.ActiveCfg = Debug|Any CPU
		{B251FE5C-E696-5D61-C739-59E42B291955}.Debug|Any CPU.Build.0 = Debug|Any CPU
		{B251FE5C-E696-5D61-C739-59E42B291955}.Debug|x64.ActiveCfg = Debug|Any CPU
		{B251FE5C-E696-5D61-C739-59E42B291955}.Debug|x64.Build.0 = Debug|Any CPU
		{B251FE5C-E696-5D61-C739-59E42B291955}.Debug|x86.ActiveCfg = Debug|Any CPU
		{B251FE5C-E696-5D61-C739-59E42B291955}.Debug|x86.Build.0 = Debug|Any CPU
		{B251FE5C-E696-5D61-C739-59E42B291955}.Release|Any CPU.ActiveCfg = Release|Any CPU
		{B251FE5C-E696-5D61-C739-59E42B291955}.Release|Any CPU.Build.0 = Release|Any CPU
		{B251FE5C-E696-5D61-C739-59E42B291955}.Release|x64.ActiveCfg = Release|Any CPU
		{B251FE5C-E696-5D61-C739-59E42B291955}.Release|x64.Build.0 = Release|Any CPU
		{B251FE5C-E696-5D61-C739-59E42B291955}.Release|x86.ActiveCfg = Release|Any CPU
		{B251FE5C-E696-5D61-C739-59E42B291955}.Release|x86.Build.0 = Release|Any CPU
		{C362FF6D-F7A7-6E72-D84A-6AF53C3A2A66}.Debug|Any CPU.ActiveCfg = Debug|Any CPU
		{C362FF6D-F7A7-6E72-D84A-6AF53C3A2A66}.Debug|Any CPU.Build.0 = Debug|Any CPU
		{C362FF6D-F7A7-6E72-D84A-6AF53C3A2A66}.Debug|x64.ActiveCfg = Debug|Any CPU
		{C362FF6D-F7A7-6E72-D84A-6AF53C3A2A66}.Debug|x64.Build.0 = Debug|Any CPU
		{C362FF6D-F7A7-6E72-D84A-6AF53C3A2A66}.Debug|x86.ActiveCfg = Debug|Any CPU
		{C362FF6D-F7A7-6E72-D84A-6AF53C3A2A66}.Debug|x86.Build.0 = Debug|Any CPU
		{C362FF6D-F7A7-6E72-D84A-6AF53C3A2A66}.Release|Any CPU.ActiveCfg = Release|Any CPU
		{C362FF6D-F7A7-6E72-D84A-6AF53C3A2A66}.Release|Any CPU.Build.0 = Release|Any CPU
		{C362FF6D-F7A7-6E72-D84A-6AF53C3A2A66}.Release|x64.ActiveCfg = Release|Any CPU
		{C362FF6D-F7A7-6E72-D84A-6AF53C3A2A66}.Release|x64.Build.0 = Release|Any CPU
		{C362FF6D-F7A7-6E72-D84A-6AF53C3A2A66}.Release|x86.ActiveCfg = Release|Any CPU
		{C362FF6D-F7A7-6E72-D84A-6AF53C3A2A66}.Release|x86.Build.0 = Release|Any CPU
		{A1B2C3D4-1111-2222-3333-444455556666}.Debug|Any CPU.ActiveCfg = Debug|Any CPU
		{A1B2C3D4-1111-2222-3333-444455556666}.Debug|Any CPU.Build.0 = Debug|Any CPU
		{A1B2C3D4-1111-2222-3333-444455556666}.Debug|x64.ActiveCfg = Debug|Any CPU
		{A1B2C3D4-1111-2222-3333-444455556666}.Debug|x64.Build.0 = Debug|Any CPU
		{A1B2C3D4-1111-2222-3333-444455556666}.Debug|x86.ActiveCfg = Debug|Any CPU
		{A1B2C3D4-1111-2222-3333-444455556666}.Debug|x86.Build.0 = Debug|Any CPU
		{A1B2C3D4-1111-2222-3333-444455556666}.Release|Any CPU.ActiveCfg = Release|Any CPU
		{A1B2C3D4-1111-2222-3333-444455556666}.Release|Any CPU.Build.0 = Release|Any CPU
		{A1B2C3D4-1111-2222-3333-444455556666}.Release|x64.ActiveCfg = Release|Any CPU
		{A1B2C3D4-1111-2222-3333-444455556666}.Release|x64.Build.0 = Release|Any CPU
		{A1B2C3D4-1111-2222-3333-444455556666}.Release|x86.ActiveCfg = Release|Any CPU
		{A1B2C3D4-1111-2222-3333-444455556666}.Release|x86.Build.0 = Release|Any CPU
		{A1B2C3D4-1111-2222-3333-444455557777}.Debug|Any CPU.ActiveCfg = Debug|Any CPU
		{A1B2C3D4-1111-2222-3333-444455557777}.Debug|Any CPU.Build.0 = Debug|Any CPU
		{A1B2C3D4-1111-2222-3333-444455557777}.Debug|x64.ActiveCfg = Debug|Any CPU
		{A1B2C3D4-1111-2222-3333-444455557777}.Debug|x64.Build.0 = Debug|Any CPU
		{A1B2C3D4-1111-2222-3333-444455557777}.Debug|x86.ActiveCfg = Debug|Any CPU
		{A1B2C3D4-1111-2222-3333-444455557777}.Debug|x86.Build.0 = Debug|Any CPU
		{A1B2C3D4-1111-2222-3333-444455557777}.Release|Any CPU.ActiveCfg = Release|Any CPU
		{A1B2C3D4-1111-2222-3333-444455557777}.Release|Any CPU.Build.0 = Release|Any CPU
		{A1B2C3D4-1111-2222-3333-444455557777}.Release|x64.ActiveCfg = Release|Any CPU
		{A1B2C3D4-1111-2222-3333-444455557777}.Release|x64.Build.0 = Release|Any CPU
		{A1B2C3D4-1111-2222-3333-444455557777}.Release|x86.ActiveCfg = Release|Any CPU
		{A1B2C3D4-1111-2222-3333-444455557777}.Release|x86.Build.0 = Release|Any CPU
	EndGlobalSection
	GlobalSection(SolutionProperties) = preSolution
		HideSolutionNode = FALSE
	EndGlobalSection
	GlobalSection(NestedProjects) = preSolution
		{DBDC7163-5EB2-5507-2A3D-F53965807411} = {E86BBE57-B42D-2250-0009-E5F948C22BC7}
		{B251FE5C-E696-5D61-C739-59E42B291955} = {474C3F07-706C-8D94-B480-2BD31A190844}
		{C362FF6D-F7A7-6E72-D84A-6AF53C3A2A66} = {474C3F07-706C-8D94-B480-2BD31A190844}
		{A1B2C3D4-1111-2222-3333-444455556666} = {474C3F07-706C-8D94-B480-2BD31A190844}
		{A1B2C3D4-1111-2222-3333-444455557777} = {474C3F07-706C-8D94-B480-2BD31A190844}
	EndGlobalSection
	GlobalSection(ExtensibilityGlobals) = postSolution
		SolutionGuid = {D57038D3-EE52-451C-87A0-1A28EBA93739}
	EndGlobalSection
EndGlobal
